# This file was autogenerated by Stack.
# You should not edit this file by hand.
# For more information, please see the documentation at:
#   https://docs.haskellstack.org/en/stable/lock_files

packages:
- completed:
    hackage: tasty-1.4.1@sha256:69e90e965543faf0fc2c8e486d6c1d8cf81fd108e2c4541234c41490f392f94f,2638
    pantry-tree:
      sha256: 0c8fb1ece12aa96b9e884a2c382bfe5f3688c0f7a69bc165bdae64674b4ffe83
      size: 1873
  original:
    hackage: tasty-1.4.1@sha256:69e90e965543faf0fc2c8e486d6c1d8cf81fd108e2c4541234c41490f392f94f,2638
snapshots:
- completed:
    sha256: a81fb3877c4f9031e1325eb3935122e608d80715dc16b586eb11ddbff8671ecd
    size: 640086
    url: https://raw.githubusercontent.com/commercialhaskell/stackage-snapshots/master/lts/21/25.yaml
  original: lts-21.25
